
Microsoft Visual Studio Solution File, Format Version 12.00
# Visual Studio Version 17
VisualStudioVersion = 17.0.32014.148
MinimumVisualStudioVersion = 10.0.40219.1
Project("{FAE04EC0-301F-11D3-BF4B-00C04F79EFBC}") = "Wpf_GandhiSayings", "Wpf_GandhiSayings.csproj", "{BAF3E3B0-102B-4B11-A35A-3A4829A64D82}"
EndProject
Global
	GlobalSection(SolutionConfigurationPlatforms) = preSolution
		Debug|Any CPU = Debug|Any CPU
		Release|Any CPU = Release|Any CPU
	EndGlobalSection
	GlobalSection(ProjectConfigurationPlatforms) = postSolution
		{BAF3E3B0-102B-4B11-A35A-3A4829A64D82}.Debug|Any CPU.ActiveCfg = Debug|Any CPU
		{BAF3E3B0-102B-4B11-A35A-3A4829A64D82}.Debug|Any CPU.Build.0 = Debug|Any CPU
		{BAF3E3B0-102B-4B11-A35A-3A4829A64D82}.Release|Any CPU.ActiveCfg = Release|Any CPU
		{BAF3E3B0-102B-4B11-A35A-3A4829A64D82}.Release|Any CPU.Build.0 = Release|Any CPU
	EndGlobalSection
	GlobalSection(SolutionProperties) = preSolution
		HideSolutionNode = FALSE
	EndGlobalSection
	GlobalSection(ExtensibilityGlobals) = postSolution
		SolutionGuid = {94D79367-FD91-4E12-A7D8-885D655E23B5}
	EndGlobalSection
EndGlobal
